
Microsoft Visual Studio Solution File, Format Version 12.00
# Visual Studio Version 16
VisualStudioVersion = 16.0.30907.101
MinimumVisualStudioVersion = 10.0.40219.1
Project("{9A19103F-16F7-4668-BE54-9A1E7A4F7556}") = "DataAccess", "DataAccess\DataAccess.csproj", "{93B15E2A-4BB1-4DF7-8D9B-C33BB2A09F8F}"
EndProject
Project("{9A19103F-16F7-4668-BE54-9A1E7A4F7556}") = "Business", "Business\Business.csproj", "{FD5A3AB0-5816-4585-BB83-14AE1A2919A6}"
EndProject
Project("{9A19103F-16F7-4668-BE54-9A1E7A4F7556}") = "Entities", "Entities\Entities.csproj", "{C5A35E7A-6270-4AF5-A54E-529169C4A72B}"
EndProject
Project("{9A19103F-16F7-4668-BE54-9A1E7A4F7556}") = "ConsoleUI", "ConsoleUI\ConsoleUI.csproj", "{ADD49C9D-03BA-4C09-9EC0-E01049B3CE1E}"
EndProject
Project("{9A19103F-16F7-4668-BE54-9A1E7A4F7556}") = "Core", "Core\Core.csproj", "{9ACF3327-381C-4E29-853A-1989F08B93AE}"
EndProject
Project("{FAE04EC0-301F-11D3-BF4B-00C04F79EFBC}") = "WebAPI", "WebAPI\WebAPI.csproj", "{FA998F31-9D55-4C6A-B666-C0B6D3A3DF31}"
EndProject
Global
	GlobalSection(SolutionConfigurationPlatforms) = preSolution
		Debug|Any CPU = Debug|Any CPU
		Release|Any CPU = Release|Any CPU
	EndGlobalSection
	GlobalSection(ProjectConfigurationPlatforms) = postSolution
		{93B15E2A-4BB1-4DF7-8D9B-C33BB2A09F8F}.Debug|Any CPU.ActiveCfg = Debug|Any CPU
		{93B15E2A-4BB1-4DF7-8D9B-C33BB2A09F8F}.Debug|Any CPU.Build.0 = Debug|Any CPU
		{93B15E2A-4BB1-4DF7-8D9B-C33BB2A09F8F}.Release|Any CPU.ActiveCfg = Release|Any CPU
		{93B15E2A-4BB1-4DF7-8D9B-C33BB2A09F8F}.Release|Any CPU.Build.0 = Release|Any CPU
		{FD5A3AB0-5816-4585-BB83-14AE1A2919A6}.Debug|Any CPU.ActiveCfg = Debug|Any CPU
		{FD5A3AB0-5816-4585-BB83-14AE1A2919A6}.Debug|Any CPU.Build.0 = Debug|Any CPU
		{FD5A3AB0-5816-4585-BB83-14AE1A2919A6}.Release|Any CPU.ActiveCfg = Release|Any CPU
		{FD5A3AB0-5816-4585-BB83-14AE1A2919A6}.Release|Any CPU.Build.0 = Release|Any CPU
		{C5A35E7A-6270-4AF5-A54E-529169C4A72B}.Debug|Any CPU.ActiveCfg = Debug|Any CPU
		{C5A35E7A-6270-4AF5-A54E-529169C4A72B}.Debug|Any CPU.Build.0 = Debug|Any CPU
		{C5A35E7A-6270-4AF5-A54E-529169C4A72B}.Release|Any CPU.ActiveCfg = Release|Any CPU
		{C5A35E7A-6270-4AF5-A54E-529169C4A72B}.Release|Any CPU.Build.0 = Release|Any CPU
		{ADD49C9D-03BA-4C09-9EC0-E01049B3CE1E}.Debug|Any CPU.ActiveCfg = Debug|Any CPU
		{ADD49C9D-03BA-4C09-9EC0-E01049B3CE1E}.Debug|Any CPU.Build.0 = Debug|Any CPU
		{ADD49C9D-03BA-4C09-9EC0-E01049B3CE1E}.Release|Any CPU.ActiveCfg = Release|Any CPU
		{ADD49C9D-03BA-4C09-9EC0-E01049B3CE1E}.Release|Any CPU.Build.0 = Release|Any CPU
		{9ACF3327-381C-4E29-853A-1989F08B93AE}.Debug|Any CPU.ActiveCfg = Debug|Any CPU
		{9ACF3327-381C-4E29-853A-1989F08B93AE}.Debug|Any CPU.Build.0 = Debug|Any CPU
		{9ACF3327-381C-4E29-853A-1989F08B93AE}.Release|Any CPU.ActiveCfg = Release|Any CPU
		{9ACF3327-381C-4E29-853A-1989F08B93AE}.Release|Any CPU.Build.0 = Release|Any CPU
		{FA998F31-9D55-4C6A-B666-C0B6D3A3DF31}.Debug|Any CPU.ActiveCfg = Debug|Any CPU
		{FA998F31-9D55-4C6A-B666-C0B6D3A3DF31}.Debug|Any CPU.Build.0 = Debug|Any CPU
		{FA998F31-9D55-4C6A-B666-C0B6D3A3DF31}.Release|Any CPU.ActiveCfg = Release|Any CPU
		{FA998F31-9D55-4C6A-B666-C0B6D3A3DF31}.Release|Any CPU.Build.0 = Release|Any CPU
	EndGlobalSection
	GlobalSection(SolutionProperties) = preSolution
		HideSolutionNode = FALSE
	EndGlobalSection
	GlobalSection(ExtensibilityGlobals) = postSolution
		SolutionGuid = {9D94D752-3970-48CC-92A9-CA4E0FC28CA0}
	EndGlobalSection
EndGlobal
